
Microsoft Visual Studio Solution File, Format Version 12.00
# Visual Studio Version 16
VisualStudioVersion = 16.0.30320.27
MinimumVisualStudioVersion = 10.0.40219.1
Project("{8BC9CEB8-8B4A-11D0-8D11-00A0C91BC942}") = "LR", "LR.vcxproj", "{9C95170C-6B48-4E31-A495-6179EC4FF79D}"
EndProject
Global
	GlobalSection(SolutionConfigurationPlatforms) = preSolution
		Debug|x64 = Debug|x64
		Debug|x86 = Debug|x86
		Release|x64 = Release|x64
		Release|x86 = Release|x86
	EndGlobalSection
	GlobalSection(ProjectConfigurationPlatforms) = postSolution
		{9C95170C-6B48-4E31-A495-6179EC4FF79D}.Debug|x64.ActiveCfg = Debug|x64
		{9C95170C-6B48-4E31-A495-6179EC4FF79D}.Debug|x64.Build.0 = Debug|x64
		{9C95170C-6B48-4E31-A495-6179EC4FF79D}.Debug|x86.ActiveCfg = Debug|Win32
		{9C95170C-6B48-4E31-A495-6179EC4FF79D}.Debug|x86.Build.0 = Debug|Win32
		{9C95170C-6B48-4E31-A495-6179EC4FF79D}.Release|x64.ActiveCfg = Release|x64
		{9C95170C-6B48-4E31-A495-6179EC4FF79D}.Release|x64.Build.0 = Release|x64
		{9C95170C-6B48-4E31-A495-6179EC4FF79D}.Release|x86.ActiveCfg = Release|Win32
		{9C95170C-6B48-4E31-A495-6179EC4FF79D}.Release|x86.Build.0 = Release|Win32
	EndGlobalSection
	GlobalSection(SolutionProperties) = preSolution
		HideSolutionNode = FALSE
	EndGlobalSection
	GlobalSection(ExtensibilityGlobals) = postSolution
		SolutionGuid = {C05FB364-9205-41A8-AAD0-8AA27376487C}
	EndGlobalSection
EndGlobal
